
Microsoft Visual Studio Solution File, Format Version 11.00
# Visual C# Express 2010
Project("{FAE04EC0-301F-11D3-BF4B-00C04F79EFBC}") = "IntacctSettings", "IntacctSettings.csproj", "{E13A8247-2A3C-459D-9F05-8EC99E4C1231}"
EndProject
Global
	GlobalSection(SolutionConfigurationPlatforms) = preSolution
		Debug|Any CPU = Debug|Any CPU
		Release|Any CPU = Release|Any CPU
	EndGlobalSection
	GlobalSection(ProjectConfigurationPlatforms) = postSolution
		{E13A8247-2A3C-459D-9F05-8EC99E4C1231}.Debug|Any CPU.ActiveCfg = Debug|Any CPU
		{E13A8247-2A3C-459D-9F05-8EC99E4C1231}.Debug|Any CPU.Build.0 = Debug|Any CPU
		{E13A8247-2A3C-459D-9F05-8EC99E4C1231}.Release|Any CPU.ActiveCfg = Release|Any CPU
		{E13A8247-2A3C-459D-9F05-8EC99E4C1231}.Release|Any CPU.Build.0 = Release|Any CPU
	EndGlobalSection
	GlobalSection(SolutionProperties) = preSolution
		HideSolutionNode = FALSE
	EndGlobalSection
EndGlobal
