
Microsoft Visual Studio Solution File, Format Version 11.00
# Visual C# Express 2010
Project("{FAE04EC0-301F-11D3-BF4B-00C04F79EFBC}") = "SaveAttachmentForMLA", "SaveAttachmentForMLA\SaveAttachmentForMLA.csproj", "{557270F7-EEC0-4910-A83C-DB4CBEEDDDDC}"
EndProject
Global
	GlobalSection(SolutionConfigurationPlatforms) = preSolution
		Debug|Any CPU = Debug|Any CPU
		Release|Any CPU = Release|Any CPU
	EndGlobalSection
	GlobalSection(ProjectConfigurationPlatforms) = postSolution
		{557270F7-EEC0-4910-A83C-DB4CBEEDDDDC}.Debug|Any CPU.ActiveCfg = Debug|Any CPU
		{557270F7-EEC0-4910-A83C-DB4CBEEDDDDC}.Debug|Any CPU.Build.0 = Debug|Any CPU
		{557270F7-EEC0-4910-A83C-DB4CBEEDDDDC}.Release|Any CPU.ActiveCfg = Release|Any CPU
		{557270F7-EEC0-4910-A83C-DB4CBEEDDDDC}.Release|Any CPU.Build.0 = Release|Any CPU
	EndGlobalSection
	GlobalSection(SolutionProperties) = preSolution
		HideSolutionNode = FALSE
	EndGlobalSection
EndGlobal
