
Microsoft Visual Studio Solution File, Format Version 11.00
# Visual C# Express 2010
Project("{FAE04EC0-301F-11D3-BF4B-00C04F79EFBC}") = "Localreset", "Localreset\Localreset.csproj", "{2159465F-435D-4003-8432-93C16F1DB003}"
EndProject
Global
	GlobalSection(SolutionConfigurationPlatforms) = preSolution
		Debug|Any CPU = Debug|Any CPU
		Release|Any CPU = Release|Any CPU
	EndGlobalSection
	GlobalSection(ProjectConfigurationPlatforms) = postSolution
		{2159465F-435D-4003-8432-93C16F1DB003}.Debug|Any CPU.ActiveCfg = Debug|Any CPU
		{2159465F-435D-4003-8432-93C16F1DB003}.Debug|Any CPU.Build.0 = Debug|Any CPU
		{2159465F-435D-4003-8432-93C16F1DB003}.Release|Any CPU.ActiveCfg = Release|Any CPU
		{2159465F-435D-4003-8432-93C16F1DB003}.Release|Any CPU.Build.0 = Release|Any CPU
	EndGlobalSection
	GlobalSection(SolutionProperties) = preSolution
		HideSolutionNode = FALSE
	EndGlobalSection
EndGlobal
